
Microsoft Visual Studio Solution File, Format Version 12.00
# Visual Studio Version 17
VisualStudioVersion = 17.9.34902.65
MinimumVisualStudioVersion = 10.0.40219.1
Project("{FAE04EC0-301F-11D3-BF4B-00C04F79EFBC}") = "CRUD_MVC_STORED_PROCEDURE", "CRUD_MVC_STORED_PROCEDURE\CRUD_MVC_STORED_PROCEDURE.csproj", "{FE10B398-0781-4AF9-8D52-E9D0FE9E2DFF}"
EndProject
Global
	GlobalSection(SolutionConfigurationPlatforms) = preSolution
		Debug|Any CPU = Debug|Any CPU
		Release|Any CPU = Release|Any CPU
	EndGlobalSection
	GlobalSection(ProjectConfigurationPlatforms) = postSolution
		{FE10B398-0781-4AF9-8D52-E9D0FE9E2DFF}.Debug|Any CPU.ActiveCfg = Debug|Any CPU
		{FE10B398-0781-4AF9-8D52-E9D0FE9E2DFF}.Debug|Any CPU.Build.0 = Debug|Any CPU
		{FE10B398-0781-4AF9-8D52-E9D0FE9E2DFF}.Release|Any CPU.ActiveCfg = Release|Any CPU
		{FE10B398-0781-4AF9-8D52-E9D0FE9E2DFF}.Release|Any CPU.Build.0 = Release|Any CPU
	EndGlobalSection
	GlobalSection(SolutionProperties) = preSolution
		HideSolutionNode = FALSE
	EndGlobalSection
	GlobalSection(ExtensibilityGlobals) = postSolution
		SolutionGuid = {FEBC0E16-36C8-47AC-909C-EF2A2588BBEF}
	EndGlobalSection
EndGlobal
